# THIS IS AN AUTOGENERATED FILE. DO NOT EDIT THIS FILE DIRECTLY.
# yarn lockfile v1


sovendus-integration-types@3.3.5:
  version "3.3.5"
  resolved "https://registry.yarnpkg.com/sovendus-integration-types/-/sovendus-integration-types-3.3.5.tgz#2fcf82a8a4b04ef12a97e91e3c809c40b38654ec"
  integrity sha512-shJubET+mf8AOboi0wnsqmNCmT6S2GJxLpWl5uHv6p0ZIXVb/Gw7yicuyRwKQN6N/h9eX6RjR8KRMVjUK9D9SQ==

tsc@^2.0.4:
  version "2.0.4"
  resolved "https://registry.yarnpkg.com/tsc/-/tsc-2.0.4.tgz#5f6499146abea5dca4420b451fa4f2f9345238f5"
  integrity sha512-fzoSieZI5KKJVBYGvwbVZs/J5za84f2lSTLPYf6AGiIf43tZ3GNrI1QzTLcjtyDDP4aLxd46RTZq1nQxe7+k5Q==

typescript@^5.7.3:
  version "5.7.3"
  resolved "https://registry.yarnpkg.com/typescript/-/typescript-5.7.3.tgz#919b44a7dbb8583a9b856d162be24a54bf80073e"
  integrity sha512-84MVSjMEHP+FQRPy3pX9sTVV/INIex71s9TL2Gm5FG/WG1SqXeKyZ0k7/blY/4FdOzI12CBy1vGc4og/eus0fw==
